
Microsoft Visual Studio Solution File, Format Version 12.00
# Visual Studio Version 16
VisualStudioVersion = 16.0.31313.79
MinimumVisualStudioVersion = 10.0.40219.1
Project("{FAE04EC0-301F-11D3-BF4B-00C04F79EFBC}") = "Generics_Problems", "Generics_Problems.csproj", "{CF47C52A-86DF-4716-BF73-01887F9F5208}"
EndProject
Project("{FAE04EC0-301F-11D3-BF4B-00C04F79EFBC}") = "TestMaximumNumber", "..\TestMaximumNumber\TestMaximumNumber.csproj", "{57778E01-B8B9-4BE1-BF13-CD5C083A59DC}"
EndProject
Global
	GlobalSection(SolutionConfigurationPlatforms) = preSolution
		Debug|Any CPU = Debug|Any CPU
		Release|Any CPU = Release|Any CPU
	EndGlobalSection
	GlobalSection(ProjectConfigurationPlatforms) = postSolution
		{CF47C52A-86DF-4716-BF73-01887F9F5208}.Debug|Any CPU.ActiveCfg = Debug|Any CPU
		{CF47C52A-86DF-4716-BF73-01887F9F5208}.Debug|Any CPU.Build.0 = Debug|Any CPU
		{CF47C52A-86DF-4716-BF73-01887F9F5208}.Release|Any CPU.ActiveCfg = Release|Any CPU
		{CF47C52A-86DF-4716-BF73-01887F9F5208}.Release|Any CPU.Build.0 = Release|Any CPU
		{57778E01-B8B9-4BE1-BF13-CD5C083A59DC}.Debug|Any CPU.ActiveCfg = Debug|Any CPU
		{57778E01-B8B9-4BE1-BF13-CD5C083A59DC}.Debug|Any CPU.Build.0 = Debug|Any CPU
		{57778E01-B8B9-4BE1-BF13-CD5C083A59DC}.Release|Any CPU.ActiveCfg = Release|Any CPU
		{57778E01-B8B9-4BE1-BF13-CD5C083A59DC}.Release|Any CPU.Build.0 = Release|Any CPU
	EndGlobalSection
	GlobalSection(SolutionProperties) = preSolution
		HideSolutionNode = FALSE
	EndGlobalSection
	GlobalSection(ExtensibilityGlobals) = postSolution
		SolutionGuid = {F38DFCBF-F12E-4B30-852E-8038D7E780E4}
	EndGlobalSection
EndGlobal
